// !$*UTF8*$!
{
	archiveVersion = 1;
	classes = {
	};
	objectVersion = 56;
	objects = {

/* Begin PBXBuildFile section */
		FA1A1E8E2A96F64E00DB074E /* WeaponDataContainer.xcdatamodeld in Sources */ = {isa = PBXBuildFile; fileRef = FA1A1E8C2A96F64E00DB074E /* WeaponDataContainer.xcdatamodeld */; };
		FA1A1E912A96FA1100DB074E /* SoundManager.swift in Sources */ = {isa = PBXBuildFile; fileRef = FA1A1E902A96FA1100DB074E /* SoundManager.swift */; };
		FA1A1E932A96FB5000DB074E /* InventoryViewModel.swift in Sources */ = {isa = PBXBuildFile; fileRef = FA1A1E922A96FB5000DB074E /* InventoryViewModel.swift */; };
		FA1A1E952A97E2A900DB074E /* CaseTitleAndImage.swift in Sources */ = {isa = PBXBuildFile; fileRef = FA1A1E942A97E2A900DB074E /* CaseTitleAndImage.swift */; };
		FA1A1E982A97E85D00DB074E /* CustomButton.swift in Sources */ = {isa = PBXBuildFile; fileRef = FA1A1E972A97E85D00DB074E /* CustomButton.swift */; };
		FA1A1E9A2A97E96D00DB074E /* CaseOpening.swift in Sources */ = {isa = PBXBuildFile; fileRef = FA1A1E992A97E96D00DB074E /* CaseOpening.swift */; };
		FA2C00F22A96C3C300664990 /* CSGO_InventorySystemApp.swift in Sources */ = {isa = PBXBuildFile; fileRef = FA2C00F12A96C3C300664990 /* CSGO_InventorySystemApp.swift */; };
		FA2C00F62A96C3C400664990 /* Assets.xcassets in Resources */ = {isa = PBXBuildFile; fileRef = FA2C00F52A96C3C400664990 /* Assets.xcassets */; };
		FA2C00F92A96C3C400664990 /* Preview Assets.xcassets in Resources */ = {isa = PBXBuildFile; fileRef = FA2C00F82A96C3C400664990 /* Preview Assets.xcassets */; };
		FA2C01042A96E82900664990 /* CasePreview.swift in Sources */ = {isa = PBXBuildFile; fileRef = FA2C01032A96E82900664990 /* CasePreview.swift */; };
		FA2C01062A96F4D700664990 /* CoreDataManager.swift in Sources */ = {isa = PBXBuildFile; fileRef = FA2C01052A96F4D700664990 /* CoreDataManager.swift */; };
		FA6BB7F82A980FB200CF0AE2 /* Utilities.swift in Sources */ = {isa = PBXBuildFile; fileRef = FA6BB7F72A980FB200CF0AE2 /* Utilities.swift */; };
		FA9184D72A9D3053003FD5BE /* NavigationRouter in Frameworks */ = {isa = PBXBuildFile; productRef = FA9184D62A9D3053003FD5BE /* NavigationRouter */; };
		FAA5D4F32A97EC1F002796AB /* Background.swift in Sources */ = {isa = PBXBuildFile; fileRef = FAA5D4F22A97EC1F002796AB /* Background.swift */; };
		FAA5D4F52A97F914002796AB /* Gun.swift in Sources */ = {isa = PBXBuildFile; fileRef = FAA5D4F42A97F914002796AB /* Gun.swift */; };
		FAA5D4F72A980516002796AB /* Inventory.swift in Sources */ = {isa = PBXBuildFile; fileRef = FAA5D4F62A980516002796AB /* Inventory.swift */; };
/* End PBXBuildFile section */

/* Begin PBXFileReference section */
		FA1A1E8D2A96F64E00DB074E /* WeaponDataContainer.xcdatamodel */ = {isa = PBXFileReference; lastKnownFileType = wrapper.xcdatamodel; path = WeaponDataContainer.xcdatamodel; sourceTree = "<group>"; };
		FA1A1E902A96FA1100DB074E /* SoundManager.swift */ = {isa = PBXFileReference; lastKnownFileType = sourcecode.swift; path = SoundManager.swift; sourceTree = "<group>"; };
		FA1A1E922A96FB5000DB074E /* InventoryViewModel.swift */ = {isa = PBXFileReference; lastKnownFileType = sourcecode.swift; path = InventoryViewModel.swift; sourceTree = "<group>"; };
		FA1A1E942A97E2A900DB074E /* CaseTitleAndImage.swift */ = {isa = PBXFileReference; lastKnownFileType = sourcecode.swift; path = CaseTitleAndImage.swift; sourceTree = "<group>"; };
		FA1A1E972A97E85D00DB074E /* CustomButton.swift */ = {isa = PBXFileReference; lastKnownFileType = sourcecode.swift; path = CustomButton.swift; sourceTree = "<group>"; };
		FA1A1E992A97E96D00DB074E /* CaseOpening.swift */ = {isa = PBXFileReference; lastKnownFileType = sourcecode.swift; path = CaseOpening.swift; sourceTree = "<group>"; };
		FA2C00EE2A96C3C300664990 /* CSGO-InventorySystem.app */ = {isa = PBXFileReference; explicitFileType = wrapper.application; includeInIndex = 0; path = "CSGO-InventorySystem.app"; sourceTree = BUILT_PRODUCTS_DIR; };
		FA2C00F12A96C3C300664990 /* CSGO_InventorySystemApp.swift */ = {isa = PBXFileReference; lastKnownFileType = sourcecode.swift; path = CSGO_InventorySystemApp.swift; sourceTree = "<group>"; };
		FA2C00F52A96C3C400664990 /* Assets.xcassets */ = {isa = PBXFileReference; lastKnownFileType = folder.assetcatalog; path = Assets.xcassets; sourceTree = "<group>"; };
		FA2C00F82A96C3C400664990 /* Preview Assets.xcassets */ = {isa = PBXFileReference; lastKnownFileType = folder.assetcatalog; path = "Preview Assets.xcassets"; sourceTree = "<group>"; };
		FA2C01032A96E82900664990 /* CasePreview.swift */ = {isa = PBXFileReference; lastKnownFileType = sourcecode.swift; path = CasePreview.swift; sourceTree = "<group>"; };
		FA2C01052A96F4D700664990 /* CoreDataManager.swift */ = {isa = PBXFileReference; lastKnownFileType = sourcecode.swift; path = CoreDataManager.swift; sourceTree = "<group>"; };
		FA6BB7F72A980FB200CF0AE2 /* Utilities.swift */ = {isa = PBXFileReference; lastKnownFileType = sourcecode.swift; path = Utilities.swift; sourceTree = "<group>"; };
		FAA5D4F22A97EC1F002796AB /* Background.swift */ = {isa = PBXFileReference; lastKnownFileType = sourcecode.swift; path = Background.swift; sourceTree = "<group>"; };
		FAA5D4F42A97F914002796AB /* Gun.swift */ = {isa = PBXFileReference; lastKnownFileType = sourcecode.swift; path = Gun.swift; sourceTree = "<group>"; };
		FAA5D4F62A980516002796AB /* Inventory.swift */ = {isa = PBXFileReference; lastKnownFileType = sourcecode.swift; path = Inventory.swift; sourceTree = "<group>"; };
/* End PBXFileReference section */

/* Begin PBXFrameworksBuildPhase section */
		FA2C00EB2A96C3C300664990 /* Frameworks */ = {
			isa = PBXFrameworksBuildPhase;
			buildActionMask = 2147483647;
			files = (
				FA9184D72A9D3053003FD5BE /* NavigationRouter in Frameworks */,
			);
			runOnlyForDeploymentPostprocessing = 0;
		};
/* End PBXFrameworksBuildPhase section */

/* Begin PBXGroup section */
		FA1A1E8B2A96F61600DB074E /* CoreData */ = {
			isa = PBXGroup;
			children = (
				FA2C01052A96F4D700664990 /* CoreDataManager.swift */,
				FA1A1E8C2A96F64E00DB074E /* WeaponDataContainer.xcdatamodeld */,
			);
			path = CoreData;
			sourceTree = "<group>";
		};
		FA1A1E8F2A96FA0200DB074E /* SoundManager */ = {
			isa = PBXGroup;
			children = (
				FA1A1E902A96FA1100DB074E /* SoundManager.swift */,
			);
			path = SoundManager;
			sourceTree = "<group>";
		};
		FA1A1E962A97E84000DB074E /* ViewComponents */ = {
			isa = PBXGroup;
			children = (
				FA1A1E942A97E2A900DB074E /* CaseTitleAndImage.swift */,
				FA1A1E972A97E85D00DB074E /* CustomButton.swift */,
				FAA5D4F22A97EC1F002796AB /* Background.swift */,
				FAA5D4F42A97F914002796AB /* Gun.swift */,
			);
			path = ViewComponents;
			sourceTree = "<group>";
		};
		FA2C00E52A96C3C300664990 = {
			isa = PBXGroup;
			children = (
				FA2C00F02A96C3C300664990 /* CSGO-InventorySystem */,
				FA2C00EF2A96C3C300664990 /* Products */,
			);
			sourceTree = "<group>";
		};
		FA2C00EF2A96C3C300664990 /* Products */ = {
			isa = PBXGroup;
			children = (
				FA2C00EE2A96C3C300664990 /* CSGO-InventorySystem.app */,
			);
			name = Products;
			sourceTree = "<group>";
		};
		FA2C00F02A96C3C300664990 /* CSGO-InventorySystem */ = {
			isa = PBXGroup;
			children = (
				FA2C01012A96E77D00664990 /* Managers */,
				FA2C00FF2A96E76B00664990 /* Model */,
				FA2C01002A96E77200664990 /* ViewModel */,
				FA2C01022A96E79300664990 /* View */,
				FA2C00F52A96C3C400664990 /* Assets.xcassets */,
				FA2C00F12A96C3C300664990 /* CSGO_InventorySystemApp.swift */,
				FA2C00F72A96C3C400664990 /* Preview Content */,
			);
			path = "CSGO-InventorySystem";
			sourceTree = "<group>";
		};
		FA2C00F72A96C3C400664990 /* Preview Content */ = {
			isa = PBXGroup;
			children = (
				FA2C00F82A96C3C400664990 /* Preview Assets.xcassets */,
			);
			path = "Preview Content";
			sourceTree = "<group>";
		};
		FA2C00FF2A96E76B00664990 /* Model */ = {
			isa = PBXGroup;
			children = (
			);
			path = Model;
			sourceTree = "<group>";
		};
		FA2C01002A96E77200664990 /* ViewModel */ = {
			isa = PBXGroup;
			children = (
				FA1A1E922A96FB5000DB074E /* InventoryViewModel.swift */,
				FA6BB7F72A980FB200CF0AE2 /* Utilities.swift */,
			);
			path = ViewModel;
			sourceTree = "<group>";
		};
		FA2C01012A96E77D00664990 /* Managers */ = {
			isa = PBXGroup;
			children = (
				FA1A1E8F2A96FA0200DB074E /* SoundManager */,
				FA1A1E8B2A96F61600DB074E /* CoreData */,
			);
			path = Managers;
			sourceTree = "<group>";
		};
		FA2C01022A96E79300664990 /* View */ = {
			isa = PBXGroup;
			children = (
				FAA5D4F62A980516002796AB /* Inventory.swift */,
				FA2C01032A96E82900664990 /* CasePreview.swift */,
				FA1A1E992A97E96D00DB074E /* CaseOpening.swift */,
				FA1A1E962A97E84000DB074E /* ViewComponents */,
			);
			path = View;
			sourceTree = "<group>";
		};
/* End PBXGroup section */

/* Begin PBXNativeTarget section */
		FA2C00ED2A96C3C300664990 /* CSGO-InventorySystem */ = {
			isa = PBXNativeTarget;
			buildConfigurationList = FA2C00FC2A96C3C400664990 /* Build configuration list for PBXNativeTarget "CSGO-InventorySystem" */;
			buildPhases = (
				FA2C00EA2A96C3C300664990 /* Sources */,
				FA2C00EB2A96C3C300664990 /* Frameworks */,
				FA2C00EC2A96C3C300664990 /* Resources */,
			);
			buildRules = (
			);
			dependencies = (
			);
			name = "CSGO-InventorySystem";
			packageProductDependencies = (
				FA9184D62A9D3053003FD5BE /* NavigationRouter */,
			);
			productName = "CSGO-InventorySystem";
			productReference = FA2C00EE2A96C3C300664990 /* CSGO-InventorySystem.app */;
			productType = "com.apple.product-type.application";
		};
/* End PBXNativeTarget section */

/* Begin PBXProject section */
		FA2C00E62A96C3C300664990 /* Project object */ = {
			isa = PBXProject;
			attributes = {
				BuildIndependentTargetsInParallel = 1;
				LastSwiftUpdateCheck = 1430;
				LastUpgradeCheck = 1430;
				TargetAttributes = {
					FA2C00ED2A96C3C300664990 = {
						CreatedOnToolsVersion = 14.3.1;
					};
				};
			};
			buildConfigurationList = FA2C00E92A96C3C300664990 /* Build configuration list for PBXProject "CSGO-InventorySystem" */;
			compatibilityVersion = "Xcode 14.0";
			developmentRegion = en;
			hasScannedForEncodings = 0;
			knownRegions = (
				en,
				Base,
			);
			mainGroup = FA2C00E52A96C3C300664990;
			packageReferences = (
				FA9184D52A9D3053003FD5BE /* XCRemoteSwiftPackageReference "SwiftUI-Navigation-Router" */,
			);
			productRefGroup = FA2C00EF2A96C3C300664990 /* Products */;
			projectDirPath = "";
			projectRoot = "";
			targets = (
				FA2C00ED2A96C3C300664990 /* CSGO-InventorySystem */,
			);
		};
/* End PBXProject section */

/* Begin PBXResourcesBuildPhase section */
		FA2C00EC2A96C3C300664990 /* Resources */ = {
			isa = PBXResourcesBuildPhase;
			buildActionMask = 2147483647;
			files = (
				FA2C00F92A96C3C400664990 /* Preview Assets.xcassets in Resources */,
				FA2C00F62A96C3C400664990 /* Assets.xcassets in Resources */,
			);
			runOnlyForDeploymentPostprocessing = 0;
		};
/* End PBXResourcesBuildPhase section */

/* Begin PBXSourcesBuildPhase section */
		FA2C00EA2A96C3C300664990 /* Sources */ = {
			isa = PBXSourcesBuildPhase;
			buildActionMask = 2147483647;
			files = (
				FAA5D4F72A980516002796AB /* Inventory.swift in Sources */,
				FA2C01062A96F4D700664990 /* CoreDataManager.swift in Sources */,
				FA1A1E932A96FB5000DB074E /* InventoryViewModel.swift in Sources */,
				FA2C01042A96E82900664990 /* CasePreview.swift in Sources */,
				FA6BB7F82A980FB200CF0AE2 /* Utilities.swift in Sources */,
				FA1A1E8E2A96F64E00DB074E /* WeaponDataContainer.xcdatamodeld in Sources */,
				FA1A1E982A97E85D00DB074E /* CustomButton.swift in Sources */,
				FA1A1E9A2A97E96D00DB074E /* CaseOpening.swift in Sources */,
				FA1A1E952A97E2A900DB074E /* CaseTitleAndImage.swift in Sources */,
				FA2C00F22A96C3C300664990 /* CSGO_InventorySystemApp.swift in Sources */,
				FAA5D4F52A97F914002796AB /* Gun.swift in Sources */,
				FA1A1E912A96FA1100DB074E /* SoundManager.swift in Sources */,
				FAA5D4F32A97EC1F002796AB /* Background.swift in Sources */,
			);
			runOnlyForDeploymentPostprocessing = 0;
		};
/* End PBXSourcesBuildPhase section */

/* Begin XCBuildConfiguration section */
		FA2C00FA2A96C3C400664990 /* Debug */ = {
			isa = XCBuildConfiguration;
			buildSettings = {
				ALWAYS_SEARCH_USER_PATHS = NO;
				CLANG_ANALYZER_NONNULL = YES;
				CLANG_ANALYZER_NUMBER_OBJECT_CONVERSION = YES_AGGRESSIVE;
				CLANG_CXX_LANGUAGE_STANDARD = "gnu++20";
				CLANG_ENABLE_MODULES = YES;
				CLANG_ENABLE_OBJC_ARC = YES;
				CLANG_ENABLE_OBJC_WEAK = YES;
				CLANG_WARN_BLOCK_CAPTURE_AUTORELEASING = YES;
				CLANG_WARN_BOOL_CONVERSION = YES;
				CLANG_WARN_COMMA = YES;
				CLANG_WARN_CONSTANT_CONVERSION = YES;
				CLANG_WARN_DEPRECATED_OBJC_IMPLEMENTATIONS = YES;
				CLANG_WARN_DIRECT_OBJC_ISA_USAGE = YES_ERROR;
				CLANG_WARN_DOCUMENTATION_COMMENTS = YES;
				CLANG_WARN_EMPTY_BODY = YES;
				CLANG_WARN_ENUM_CONVERSION = YES;
				CLANG_WARN_INFINITE_RECURSION = YES;
				CLANG_WARN_INT_CONVERSION = YES;
				CLANG_WARN_NON_LITERAL_NULL_CONVERSION = YES;
				CLANG_WARN_OBJC_IMPLICIT_RETAIN_SELF = YES;
				CLANG_WARN_OBJC_LITERAL_CONVERSION = YES;
				CLANG_WARN_OBJC_ROOT_CLASS = YES_ERROR;
				CLANG_WARN_QUOTED_INCLUDE_IN_FRAMEWORK_HEADER = YES;
				CLANG_WARN_RANGE_LOOP_ANALYSIS = YES;
				CLANG_WARN_STRICT_PROTOTYPES = YES;
				CLANG_WARN_SUSPICIOUS_MOVE = YES;
				CLANG_WARN_UNGUARDED_AVAILABILITY = YES_AGGRESSIVE;
				CLANG_WARN_UNREACHABLE_CODE = YES;
				CLANG_WARN__DUPLICATE_METHOD_MATCH = YES;
				COPY_PHASE_STRIP = NO;
				DEBUG_INFORMATION_FORMAT = dwarf;
				ENABLE_STRICT_OBJC_MSGSEND = YES;
				ENABLE_TESTABILITY = YES;
				GCC_C_LANGUAGE_STANDARD = gnu11;
				GCC_DYNAMIC_NO_PIC = NO;
				GCC_NO_COMMON_BLOCKS = YES;
				GCC_OPTIMIZATION_LEVEL = 0;
				GCC_PREPROCESSOR_DEFINITIONS = (
					"DEBUG=1",
					"$(inherited)",
				);
				GCC_WARN_64_TO_32_BIT_CONVERSION = YES;
				GCC_WARN_ABOUT_RETURN_TYPE = YES_ERROR;
				GCC_WARN_UNDECLARED_SELECTOR = YES;
				GCC_WARN_UNINITIALIZED_AUTOS = YES_AGGRESSIVE;
				GCC_WARN_UNUSED_FUNCTION = YES;
				GCC_WARN_UNUSED_VARIABLE = YES;
				IPHONEOS_DEPLOYMENT_TARGET = 16.4;
				MTL_ENABLE_DEBUG_INFO = INCLUDE_SOURCE;
				MTL_FAST_MATH = YES;
				ONLY_ACTIVE_ARCH = YES;
				SDKROOT = iphoneos;
				SWIFT_ACTIVE_COMPILATION_CONDITIONS = DEBUG;
				SWIFT_OPTIMIZATION_LEVEL = "-Onone";
			};
			name = Debug;
		};
		FA2C00FB2A96C3C400664990 /* Release */ = {
			isa = XCBuildConfiguration;
			buildSettings = {
				ALWAYS_SEARCH_USER_PATHS = NO;
				CLANG_ANALYZER_NONNULL = YES;
				CLANG_ANALYZER_NUMBER_OBJECT_CONVERSION = YES_AGGRESSIVE;
				CLANG_CXX_LANGUAGE_STANDARD = "gnu++20";
				CLANG_ENABLE_MODULES = YES;
				CLANG_ENABLE_OBJC_ARC = YES;
				CLANG_ENABLE_OBJC_WEAK = YES;
				CLANG_WARN_BLOCK_CAPTURE_AUTORELEASING = YES;
				CLANG_WARN_BOOL_CONVERSION = YES;
				CLANG_WARN_COMMA = YES;
				CLANG_WARN_CONSTANT_CONVERSION = YES;
				CLANG_WARN_DEPRECATED_OBJC_IMPLEMENTATIONS = YES;
				CLANG_WARN_DIRECT_OBJC_ISA_USAGE = YES_ERROR;
				CLANG_WARN_DOCUMENTATION_COMMENTS = YES;
				CLANG_WARN_EMPTY_BODY = YES;
				CLANG_WARN_ENUM_CONVERSION = YES;
				CLANG_WARN_INFINITE_RECURSION = YES;
				CLANG_WARN_INT_CONVERSION = YES;
				CLANG_WARN_NON_LITERAL_NULL_CONVERSION = YES;
				CLANG_WARN_OBJC_IMPLICIT_RETAIN_SELF = YES;
				CLANG_WARN_OBJC_LITERAL_CONVERSION = YES;
				CLANG_WARN_OBJC_ROOT_CLASS = YES_ERROR;
				CLANG_WARN_QUOTED_INCLUDE_IN_FRAMEWORK_HEADER = YES;
				CLANG_WARN_RANGE_LOOP_ANALYSIS = YES;
				CLANG_WARN_STRICT_PROTOTYPES = YES;
				CLANG_WARN_SUSPICIOUS_MOVE = YES;
				CLANG_WARN_UNGUARDED_AVAILABILITY = YES_AGGRESSIVE;
				CLANG_WARN_UNREACHABLE_CODE = YES;
				CLANG_WARN__DUPLICATE_METHOD_MATCH = YES;
				COPY_PHASE_STRIP = NO;
				DEBUG_INFORMATION_FORMAT = "dwarf-with-dsym";
				ENABLE_NS_ASSERTIONS = NO;
				ENABLE_STRICT_OBJC_MSGSEND = YES;
				GCC_C_LANGUAGE_STANDARD = gnu11;
				GCC_NO_COMMON_BLOCKS = YES;
				GCC_WARN_64_TO_32_BIT_CONVERSION = YES;
				GCC_WARN_ABOUT_RETURN_TYPE = YES_ERROR;
				GCC_WARN_UNDECLARED_SELECTOR = YES;
				GCC_WARN_UNINITIALIZED_AUTOS = YES_AGGRESSIVE;
				GCC_WARN_UNUSED_FUNCTION = YES;
				GCC_WARN_UNUSED_VARIABLE = YES;
				IPHONEOS_DEPLOYMENT_TARGET = 16.4;
				MTL_ENABLE_DEBUG_INFO = NO;
				MTL_FAST_MATH = YES;
				SDKROOT = iphoneos;
				SWIFT_COMPILATION_MODE = wholemodule;
				SWIFT_OPTIMIZATION_LEVEL = "-O";
				VALIDATE_PRODUCT = YES;
			};
			name = Release;
		};
		FA2C00FD2A96C3C400664990 /* Debug */ = {
			isa = XCBuildConfiguration;
			buildSettings = {
				ASSETCATALOG_COMPILER_APPICON_NAME = AppIcon;
				ASSETCATALOG_COMPILER_GLOBAL_ACCENT_COLOR_NAME = AccentColor;
				CODE_SIGN_STYLE = Automatic;
				CURRENT_PROJECT_VERSION = 1;
				DEVELOPMENT_ASSET_PATHS = "\"CSGO-InventorySystem/Preview Content\"";
				DEVELOPMENT_TEAM = 5ZK987TGX8;
				ENABLE_PREVIEWS = YES;
				GENERATE_INFOPLIST_FILE = YES;
				INFOPLIST_KEY_UIApplicationSceneManifest_Generation = YES;
				INFOPLIST_KEY_UIApplicationSupportsIndirectInputEvents = YES;
				INFOPLIST_KEY_UILaunchScreen_Generation = YES;
				INFOPLIST_KEY_UISupportedInterfaceOrientations = UIInterfaceOrientationLandscapeLeft;
				INFOPLIST_KEY_UISupportedInterfaceOrientations_iPad = "UIInterfaceOrientationLandscapeLeft UIInterfaceOrientationLandscapeRight UIInterfaceOrientationPortrait UIInterfaceOrientationPortraitUpsideDown";
				LD_RUNPATH_SEARCH_PATHS = (
					"$(inherited)",
					"@executable_path/Frameworks",
				);
				MARKETING_VERSION = 1.0;
				PRODUCT_BUNDLE_IDENTIFIER = "edu.dixietech.ashermcconnell.CSGO-InventorySystem";
				PRODUCT_NAME = "$(TARGET_NAME)";
				SWIFT_EMIT_LOC_STRINGS = YES;
				SWIFT_VERSION = 5.0;
				TARGETED_DEVICE_FAMILY = "1,2";
			};
			name = Debug;
		};
		FA2C00FE2A96C3C400664990 /* Release */ = {
			isa = XCBuildConfiguration;
			buildSettings = {
				ASSETCATALOG_COMPILER_APPICON_NAME = AppIcon;
				ASSETCATALOG_COMPILER_GLOBAL_ACCENT_COLOR_NAME = AccentColor;
				CODE_SIGN_STYLE = Automatic;
				CURRENT_PROJECT_VERSION = 1;
				DEVELOPMENT_ASSET_PATHS = "\"CSGO-InventorySystem/Preview Content\"";
				DEVELOPMENT_TEAM = 5ZK987TGX8;
				ENABLE_PREVIEWS = YES;
				GENERATE_INFOPLIST_FILE = YES;
				INFOPLIST_KEY_UIApplicationSceneManifest_Generation = YES;
				INFOPLIST_KEY_UIApplicationSupportsIndirectInputEvents = YES;
				INFOPLIST_KEY_UILaunchScreen_Generation = YES;
				INFOPLIST_KEY_UISupportedInterfaceOrientations = UIInterfaceOrientationLandscapeLeft;
				INFOPLIST_KEY_UISupportedInterfaceOrientations_iPad = "UIInterfaceOrientationLandscapeLeft UIInterfaceOrientationLandscapeRight UIInterfaceOrientationPortrait UIInterfaceOrientationPortraitUpsideDown";
				LD_RUNPATH_SEARCH_PATHS = (
					"$(inherited)",
					"@executable_path/Frameworks",
				);
				MARKETING_VERSION = 1.0;
				PRODUCT_BUNDLE_IDENTIFIER = "edu.dixietech.ashermcconnell.CSGO-InventorySystem";
				PRODUCT_NAME = "$(TARGET_NAME)";
				SWIFT_EMIT_LOC_STRINGS = YES;
				SWIFT_VERSION = 5.0;
				TARGETED_DEVICE_FAMILY = "1,2";
			};
			name = Release;
		};
/* End XCBuildConfiguration section */

/* Begin XCConfigurationList section */
		FA2C00E92A96C3C300664990 /* Build configuration list for PBXProject "CSGO-InventorySystem" */ = {
			isa = XCConfigurationList;
			buildConfigurations = (
				FA2C00FA2A96C3C400664990 /* Debug */,
				FA2C00FB2A96C3C400664990 /* Release */,
			);
			defaultConfigurationIsVisible = 0;
			defaultConfigurationName = Release;
		};
		FA2C00FC2A96C3C400664990 /* Build configuration list for PBXNativeTarget "CSGO-InventorySystem" */ = {
			isa = XCConfigurationList;
			buildConfigurations = (
				FA2C00FD2A96C3C400664990 /* Debug */,
				FA2C00FE2A96C3C400664990 /* Release */,
			);
			defaultConfigurationIsVisible = 0;
			defaultConfigurationName = Release;
		};
/* End XCConfigurationList section */

/* Begin XCRemoteSwiftPackageReference section */
		FA9184D52A9D3053003FD5BE /* XCRemoteSwiftPackageReference "SwiftUI-Navigation-Router" */ = {
			isa = XCRemoteSwiftPackageReference;
			repositoryURL = "https://github.com/Lukas-Simonson/SwiftUI-Navigation-Router";
			requirement = {
				branch = main;
				kind = branch;
			};
		};
/* End XCRemoteSwiftPackageReference section */

/* Begin XCSwiftPackageProductDependency section */
		FA9184D62A9D3053003FD5BE /* NavigationRouter */ = {
			isa = XCSwiftPackageProductDependency;
			package = FA9184D52A9D3053003FD5BE /* XCRemoteSwiftPackageReference "SwiftUI-Navigation-Router" */;
			productName = NavigationRouter;
		};
/* End XCSwiftPackageProductDependency section */

/* Begin XCVersionGroup section */
		FA1A1E8C2A96F64E00DB074E /* WeaponDataContainer.xcdatamodeld */ = {
			isa = XCVersionGroup;
			children = (
				FA1A1E8D2A96F64E00DB074E /* WeaponDataContainer.xcdatamodel */,
			);
			currentVersion = FA1A1E8D2A96F64E00DB074E /* WeaponDataContainer.xcdatamodel */;
			path = WeaponDataContainer.xcdatamodeld;
			sourceTree = "<group>";
			versionGroupType = wrapper.xcdatamodel;
		};
/* End XCVersionGroup section */
	};
	rootObject = FA2C00E62A96C3C300664990 /* Project object */;
}
